
Microsoft Visual Studio Solution File, Format Version 12.00
# Visual Studio Version 17
VisualStudioVersion = 17.9.34622.214
MinimumVisualStudioVersion = 10.0.40219.1
Project("{FAE04EC0-301F-11D3-BF4B-00C04F79EFBC}") = "Try Gradient and Sidebar", "Try Gradient and Sidebar\Try Gradient and Sidebar.csproj", "{2A97AB82-8ECD-441A-B974-6A217A696AEC}"
EndProject
Global
	GlobalSection(SolutionConfigurationPlatforms) = preSolution
		Debug|Any CPU = Debug|Any CPU
		Release|Any CPU = Release|Any CPU
	EndGlobalSection
	GlobalSection(ProjectConfigurationPlatforms) = postSolution
		{2A97AB82-8ECD-441A-B974-6A217A696AEC}.Debug|Any CPU.ActiveCfg = Debug|Any CPU
		{2A97AB82-8ECD-441A-B974-6A217A696AEC}.Debug|Any CPU.Build.0 = Debug|Any CPU
		{2A97AB82-8ECD-441A-B974-6A217A696AEC}.Release|Any CPU.ActiveCfg = Release|Any CPU
		{2A97AB82-8ECD-441A-B974-6A217A696AEC}.Release|Any CPU.Build.0 = Release|Any CPU
	EndGlobalSection
	GlobalSection(SolutionProperties) = preSolution
		HideSolutionNode = FALSE
	EndGlobalSection
	GlobalSection(ExtensibilityGlobals) = postSolution
		SolutionGuid = {74783E73-0215-4914-BC74-7E0425CE6A54}
	EndGlobalSection
EndGlobal
